
Microsoft Visual Studio Solution File, Format Version 12.00
# Visual Studio Version 16
VisualStudioVersion = 16.0.30907.101
MinimumVisualStudioVersion = 10.0.40219.1
Project("{FAE04EC0-301F-11D3-BF4B-00C04F79EFBC}") = "ClassMetotDemo", "ClassMetotDemo\ClassMetotDemo.csproj", "{088831B2-01BB-43EB-9F5A-FB17A5846E89}"
EndProject
Global
	GlobalSection(SolutionConfigurationPlatforms) = preSolution
		Debug|Any CPU = Debug|Any CPU
		Release|Any CPU = Release|Any CPU
	EndGlobalSection
	GlobalSection(ProjectConfigurationPlatforms) = postSolution
		{088831B2-01BB-43EB-9F5A-FB17A5846E89}.Debug|Any CPU.ActiveCfg = Debug|Any CPU
		{088831B2-01BB-43EB-9F5A-FB17A5846E89}.Debug|Any CPU.Build.0 = Debug|Any CPU
		{088831B2-01BB-43EB-9F5A-FB17A5846E89}.Release|Any CPU.ActiveCfg = Release|Any CPU
		{088831B2-01BB-43EB-9F5A-FB17A5846E89}.Release|Any CPU.Build.0 = Release|Any CPU
	EndGlobalSection
	GlobalSection(SolutionProperties) = preSolution
		HideSolutionNode = FALSE
	EndGlobalSection
	GlobalSection(ExtensibilityGlobals) = postSolution
		SolutionGuid = {466C0877-B40D-4AC4-BE8A-2A6B2EC3F527}
	EndGlobalSection
EndGlobal
